
Microsoft Visual Studio Solution File, Format Version 12.00
# Visual Studio 15
VisualStudioVersion = 15.0.28010.2050
MinimumVisualStudioVersion = 10.0.40219.1
Project("{FAE04EC0-301F-11D3-BF4B-00C04F79EFBC}") = "ACO", "ACO\ACO.csproj", "{A1FC358E-2580-48FB-9F2F-F231337F53CB}"
EndProject
Global
	GlobalSection(SolutionConfigurationPlatforms) = preSolution
		Debug|Any CPU = Debug|Any CPU
		Release|Any CPU = Release|Any CPU
	EndGlobalSection
	GlobalSection(ProjectConfigurationPlatforms) = postSolution
		{A1FC358E-2580-48FB-9F2F-F231337F53CB}.Debug|Any CPU.ActiveCfg = Debug|Any CPU
		{A1FC358E-2580-48FB-9F2F-F231337F53CB}.Debug|Any CPU.Build.0 = Debug|Any CPU
		{A1FC358E-2580-48FB-9F2F-F231337F53CB}.Release|Any CPU.ActiveCfg = Release|Any CPU
		{A1FC358E-2580-48FB-9F2F-F231337F53CB}.Release|Any CPU.Build.0 = Release|Any CPU
	EndGlobalSection
	GlobalSection(SolutionProperties) = preSolution
		HideSolutionNode = FALSE
	EndGlobalSection
	GlobalSection(ExtensibilityGlobals) = postSolution
		SolutionGuid = {16E2D316-484C-4EBD-B533-C73A26E091F8}
	EndGlobalSection
EndGlobal
